
Microsoft Visual Studio Solution File, Format Version 12.00
# Visual Studio Version 17
VisualStudioVersion = 17.1.32407.343
MinimumVisualStudioVersion = 10.0.40219.1
Project("{8BC9CEB8-8B4A-11D0-8D11-00A0C91BC942}") = "D14Engine", "D14Engine.vcxproj", "{B25FE014-979D-4E24-933A-B1E1893FB469}"
EndProject
Global
	GlobalSection(SolutionConfigurationPlatforms) = preSolution
		Debug|Win32 = Debug|Win32
		Debug|x64 = Debug|x64
		Debug|x86 = Debug|x86
		DEditor|Win32 = DEditor|Win32
		DEditor|x64 = DEditor|x64
		DEditor|x86 = DEditor|x86
		DPipe|Win32 = DPipe|Win32
		DPipe|x64 = DPipe|x64
		DPipe|x86 = DPipe|x86
		DRndr|Win32 = DRndr|Win32
		DRndr|x64 = DRndr|x64
		DRndr|x86 = DRndr|x86
		DUIKit|Win32 = DUIKit|Win32
		DUIKit|x64 = DUIKit|x64
		DUIKit|x86 = DUIKit|x86
		REditor|Win32 = REditor|Win32
		REditor|x64 = REditor|x64
		REditor|x86 = REditor|x86
		Release|Win32 = Release|Win32
		Release|x64 = Release|x64
		Release|x86 = Release|x86
		RPipe|Win32 = RPipe|Win32
		RPipe|x64 = RPipe|x64
		RPipe|x86 = RPipe|x86
		RRndr|Win32 = RRndr|Win32
		RRndr|x64 = RRndr|x64
		RRndr|x86 = RRndr|x86
		RUIKit|Win32 = RUIKit|Win32
		RUIKit|x64 = RUIKit|x64
		RUIKit|x86 = RUIKit|x86
	EndGlobalSection
	GlobalSection(ProjectConfigurationPlatforms) = postSolution
		{B25FE014-979D-4E24-933A-B1E1893FB469}.Debug|Win32.ActiveCfg = Debug|Win32
		{B25FE014-979D-4E24-933A-B1E1893FB469}.Debug|Win32.Build.0 = Debug|Win32
		{B25FE014-979D-4E24-933A-B1E1893FB469}.Debug|x64.ActiveCfg = Debug|x64
		{B25FE014-979D-4E24-933A-B1E1893FB469}.Debug|x64.Build.0 = Debug|x64
		{B25FE014-979D-4E24-933A-B1E1893FB469}.Debug|x86.ActiveCfg = Debug|Win32
		{B25FE014-979D-4E24-933A-B1E1893FB469}.Debug|x86.Build.0 = Debug|Win32
		{B25FE014-979D-4E24-933A-B1E1893FB469}.DEditor|Win32.ActiveCfg = DEditor|Win32
		{B25FE014-979D-4E24-933A-B1E1893FB469}.DEditor|Win32.Build.0 = DEditor|Win32
		{B25FE014-979D-4E24-933A-B1E1893FB469}.DEditor|x64.ActiveCfg = DEditor|x64
		{B25FE014-979D-4E24-933A-B1E1893FB469}.DEditor|x64.Build.0 = DEditor|x64
		{B25FE014-979D-4E24-933A-B1E1893FB469}.DEditor|x86.ActiveCfg = DEditor|Win32
		{B25FE014-979D-4E24-933A-B1E1893FB469}.DEditor|x86.Build.0 = DEditor|Win32
		{B25FE014-979D-4E24-933A-B1E1893FB469}.DPipe|Win32.ActiveCfg = DPipe|Win32
		{B25FE014-979D-4E24-933A-B1E1893FB469}.DPipe|Win32.Build.0 = DPipe|Win32
		{B25FE014-979D-4E24-933A-B1E1893FB469}.DPipe|x64.ActiveCfg = DPipe|x64
		{B25FE014-979D-4E24-933A-B1E1893FB469}.DPipe|x64.Build.0 = DPipe|x64
		{B25FE014-979D-4E24-933A-B1E1893FB469}.DPipe|x86.ActiveCfg = DPipe|Win32
		{B25FE014-979D-4E24-933A-B1E1893FB469}.DPipe|x86.Build.0 = DPipe|Win32
		{B25FE014-979D-4E24-933A-B1E1893FB469}.DRndr|Win32.ActiveCfg = DRndr|Win32
		{B25FE014-979D-4E24-933A-B1E1893FB469}.DRndr|Win32.Build.0 = DRndr|Win32
		{B25FE014-979D-4E24-933A-B1E1893FB469}.DRndr|x64.ActiveCfg = DRndr|x64
		{B25FE014-979D-4E24-933A-B1E1893FB469}.DRndr|x64.Build.0 = DRndr|x64
		{B25FE014-979D-4E24-933A-B1E1893FB469}.DRndr|x86.ActiveCfg = DRndr|Win32
		{B25FE014-979D-4E24-933A-B1E1893FB469}.DRndr|x86.Build.0 = DRndr|Win32
		{B25FE014-979D-4E24-933A-B1E1893FB469}.DUIKit|Win32.ActiveCfg = DUIKit|Win32
		{B25FE014-979D-4E24-933A-B1E1893FB469}.DUIKit|Win32.Build.0 = DUIKit|Win32
		{B25FE014-979D-4E24-933A-B1E1893FB469}.DUIKit|x64.ActiveCfg = DUIKit|x64
		{B25FE014-979D-4E24-933A-B1E1893FB469}.DUIKit|x64.Build.0 = DUIKit|x64
		{B25FE014-979D-4E24-933A-B1E1893FB469}.DUIKit|x86.ActiveCfg = DUIKit|Win32
		{B25FE014-979D-4E24-933A-B1E1893FB469}.DUIKit|x86.Build.0 = DUIKit|Win32
		{B25FE014-979D-4E24-933A-B1E1893FB469}.REditor|Win32.ActiveCfg = REditor|Win32
		{B25FE014-979D-4E24-933A-B1E1893FB469}.REditor|Win32.Build.0 = REditor|Win32
		{B25FE014-979D-4E24-933A-B1E1893FB469}.REditor|x64.ActiveCfg = REditor|x64
		{B25FE014-979D-4E24-933A-B1E1893FB469}.REditor|x64.Build.0 = REditor|x64
		{B25FE014-979D-4E24-933A-B1E1893FB469}.REditor|x86.ActiveCfg = REditor|Win32
		{B25FE014-979D-4E24-933A-B1E1893FB469}.REditor|x86.Build.0 = REditor|Win32
		{B25FE014-979D-4E24-933A-B1E1893FB469}.Release|Win32.ActiveCfg = Release|Win32
		{B25FE014-979D-4E24-933A-B1E1893FB469}.Release|Win32.Build.0 = Release|Win32
		{B25FE014-979D-4E24-933A-B1E1893FB469}.Release|x64.ActiveCfg = Release|x64
		{B25FE014-979D-4E24-933A-B1E1893FB469}.Release|x64.Build.0 = Release|x64
		{B25FE014-979D-4E24-933A-B1E1893FB469}.Release|x86.ActiveCfg = Release|Win32
		{B25FE014-979D-4E24-933A-B1E1893FB469}.Release|x86.Build.0 = Release|Win32
		{B25FE014-979D-4E24-933A-B1E1893FB469}.RPipe|Win32.ActiveCfg = RPipe|Win32
		{B25FE014-979D-4E24-933A-B1E1893FB469}.RPipe|Win32.Build.0 = RPipe|Win32
		{B25FE014-979D-4E24-933A-B1E1893FB469}.RPipe|x64.ActiveCfg = RPipe|x64
		{B25FE014-979D-4E24-933A-B1E1893FB469}.RPipe|x64.Build.0 = RPipe|x64
		{B25FE014-979D-4E24-933A-B1E1893FB469}.RPipe|x86.ActiveCfg = RPipe|Win32
		{B25FE014-979D-4E24-933A-B1E1893FB469}.RPipe|x86.Build.0 = RPipe|Win32
		{B25FE014-979D-4E24-933A-B1E1893FB469}.RRndr|Win32.ActiveCfg = RRndr|Win32
		{B25FE014-979D-4E24-933A-B1E1893FB469}.RRndr|Win32.Build.0 = RRndr|Win32
		{B25FE014-979D-4E24-933A-B1E1893FB469}.RRndr|x64.ActiveCfg = RRndr|x64
		{B25FE014-979D-4E24-933A-B1E1893FB469}.RRndr|x64.Build.0 = RRndr|x64
		{B25FE014-979D-4E24-933A-B1E1893FB469}.RRndr|x86.ActiveCfg = RRndr|Win32
		{B25FE014-979D-4E24-933A-B1E1893FB469}.RRndr|x86.Build.0 = RRndr|Win32
		{B25FE014-979D-4E24-933A-B1E1893FB469}.RUIKit|Win32.ActiveCfg = RUIKit|Win32
		{B25FE014-979D-4E24-933A-B1E1893FB469}.RUIKit|Win32.Build.0 = RUIKit|Win32
		{B25FE014-979D-4E24-933A-B1E1893FB469}.RUIKit|x64.ActiveCfg = RUIKit|x64
		{B25FE014-979D-4E24-933A-B1E1893FB469}.RUIKit|x64.Build.0 = RUIKit|x64
		{B25FE014-979D-4E24-933A-B1E1893FB469}.RUIKit|x86.ActiveCfg = RUIKit|Win32
		{B25FE014-979D-4E24-933A-B1E1893FB469}.RUIKit|x86.Build.0 = RUIKit|Win32
	EndGlobalSection
	GlobalSection(SolutionProperties) = preSolution
		HideSolutionNode = FALSE
	EndGlobalSection
	GlobalSection(ExtensibilityGlobals) = postSolution
		SolutionGuid = {C94DBAA6-6A78-4468-8BE0-8B1E17FC125A}
	EndGlobalSection
EndGlobal
